{
  "name": "little-log-scan",
  "version": "2.2.0-dev",
  "lockfileVersion": 2,
  "requires": true,
  "packages": {
    "": {
      "name": "little-log-scan",
      "version": "2.2.0-dev",
      "license": "MPL-2.0",
      "bin": {
        "little-log-scan": "bin/cli"
      },
      "devDependencies": {
        "@types/node": "16.11.39",
        "tiny-typed-emitter": "^2.1.0",
        "typescript": "4.7.3"
      },
      "engines": {
        "node": ">=16"
      }
    },
    "node_modules/@types/node": {
      "version": "16.11.39",
      "resolved": "https://registry.npmjs.org/@types/node/-/node-16.11.39.tgz",
      "integrity": "sha512-K0MsdV42vPwm9L6UwhIxMAOmcvH/1OoVkZyCgEtVu4Wx7sElGloy/W7kMBNe/oJ7V/jW9BVt1F6RahH6e7tPXw==",
      "dev": true
    },
    "node_modules/tiny-typed-emitter": {
      "version": "2.1.0",
      "resolved": "https://registry.npmjs.org/tiny-typed-emitter/-/tiny-typed-emitter-2.1.0.tgz",
      "integrity": "sha512-qVtvMxeXbVej0cQWKqVSSAHmKZEHAvxdF8HEUBFWts8h+xEo5m/lEiPakuyZ3BnCBjOD8i24kzNOiOLLgsSxhA==",
      "dev": true
    },
    "node_modules/typescript": {
      "version": "4.7.3",
      "resolved": "https://registry.npmjs.org/typescript/-/typescript-4.7.3.tgz",
      "integrity": "sha512-WOkT3XYvrpXx4vMMqlD+8R8R37fZkjyLGlxavMc4iB8lrl8L0DeTcHbYgw/v0N/z9wAFsgBhcsF0ruoySS22mA==",
      "dev": true,
      "bin": {
        "tsc": "bin/tsc",
        "tsserver": "bin/tsserver"
      },
      "engines": {
        "node": ">=4.2.0"
      }
    }
  },
  "dependencies": {
    "@types/node": {
      "version": "16.11.39",
      "resolved": "https://registry.npmjs.org/@types/node/-/node-16.11.39.tgz",
      "integrity": "sha512-K0MsdV42vPwm9L6UwhIxMAOmcvH/1OoVkZyCgEtVu4Wx7sElGloy/W7kMBNe/oJ7V/jW9BVt1F6RahH6e7tPXw==",
      "dev": true
    },
    "tiny-typed-emitter": {
      "version": "2.1.0",
      "resolved": "https://registry.npmjs.org/tiny-typed-emitter/-/tiny-typed-emitter-2.1.0.tgz",
      "integrity": "sha512-qVtvMxeXbVej0cQWKqVSSAHmKZEHAvxdF8HEUBFWts8h+xEo5m/lEiPakuyZ3BnCBjOD8i24kzNOiOLLgsSxhA==",
      "dev": true
    },
    "typescript": {
      "version": "4.7.3",
      "resolved": "https://registry.npmjs.org/typescript/-/typescript-4.7.3.tgz",
      "integrity": "sha512-WOkT3XYvrpXx4vMMqlD+8R8R37fZkjyLGlxavMc4iB8lrl8L0DeTcHbYgw/v0N/z9wAFsgBhcsF0ruoySS22mA==",
      "dev": true
    }
  }
}
